
Microsoft Visual Studio Solution File, Format Version 12.00
# Visual Studio 14
VisualStudioVersion = 14.0.23107.0
MinimumVisualStudioVersion = 10.0.40219.1
Project("{FAE04EC0-301F-11D3-BF4B-00C04F79EFBC}") = "AsyncApp", "AsyncApp\AsyncApp.csproj", "{0D0C9F7B-9C61-416D-AB05-D99B434A94FD}"
EndProject
Global
	GlobalSection(SolutionConfigurationPlatforms) = preSolution
		Debug|Any CPU = Debug|Any CPU
		Release|Any CPU = Release|Any CPU
	EndGlobalSection
	GlobalSection(ProjectConfigurationPlatforms) = postSolution
		{0D0C9F7B-9C61-416D-AB05-D99B434A94FD}.Debug|Any CPU.ActiveCfg = Debug|Any CPU
		{0D0C9F7B-9C61-416D-AB05-D99B434A94FD}.Debug|Any CPU.Build.0 = Debug|Any CPU
		{0D0C9F7B-9C61-416D-AB05-D99B434A94FD}.Release|Any CPU.ActiveCfg = Release|Any CPU
		{0D0C9F7B-9C61-416D-AB05-D99B434A94FD}.Release|Any CPU.Build.0 = Release|Any CPU
	EndGlobalSection
	GlobalSection(SolutionProperties) = preSolution
		HideSolutionNode = FALSE
	EndGlobalSection
EndGlobal
